// !$*UTF8*$!
{
	archiveVersion = 1;
	classes = {
	};
	objectVersion = 48;
	objects = {

/* Begin PBXBuildFile section */
		844DB9DA2342096C004600F8 /* AppDelegate.swift in Sources */ = {isa = PBXBuildFile; fileRef = 844DB9D92342096C004600F8 /* AppDelegate.swift */; };
		844DB9DC2342096C004600F8 /* ViewController.swift in Sources */ = {isa = PBXBuildFile; fileRef = 844DB9DB2342096C004600F8 /* ViewController.swift */; };
		844DB9DF2342096C004600F8 /* Main.storyboard in Resources */ = {isa = PBXBuildFile; fileRef = 844DB9DD2342096C004600F8 /* Main.storyboard */; };
		844DB9E12342096C004600F8 /* Assets.xcassets in Resources */ = {isa = PBXBuildFile; fileRef = 844DB9E02342096C004600F8 /* Assets.xcassets */; };
		844DB9E42342096C004600F8 /* LaunchScreen.storyboard in Resources */ = {isa = PBXBuildFile; fileRef = 844DB9E22342096C004600F8 /* LaunchScreen.storyboard */; };
		844DB9EF2342096C004600F8 /* ex02Tests.swift in Sources */ = {isa = PBXBuildFile; fileRef = 844DB9EE2342096C004600F8 /* ex02Tests.swift */; };
		844DB9FA2342096C004600F8 /* ex02UITests.swift in Sources */ = {isa = PBXBuildFile; fileRef = 844DB9F92342096C004600F8 /* ex02UITests.swift */; };
/* End PBXBuildFile section */

/* Begin PBXContainerItemProxy section */
		844DB9EB2342096C004600F8 /* PBXContainerItemProxy */ = {
			isa = PBXContainerItemProxy;
			containerPortal = 844DB9CE2342096B004600F8 /* Project object */;
			proxyType = 1;
			remoteGlobalIDString = 844DB9D52342096C004600F8;
			remoteInfo = ex02;
		};
		844DB9F62342096C004600F8 /* PBXContainerItemProxy */ = {
			isa = PBXContainerItemProxy;
			containerPortal = 844DB9CE2342096B004600F8 /* Project object */;
			proxyType = 1;
			remoteGlobalIDString = 844DB9D52342096C004600F8;
			remoteInfo = ex02;
		};
/* End PBXContainerItemProxy section */

/* Begin PBXFileReference section */
		844DB9D62342096C004600F8 /* ex02.app */ = {isa = PBXFileReference; explicitFileType = wrapper.application; includeInIndex = 0; path = ex02.app; sourceTree = BUILT_PRODUCTS_DIR; };
		844DB9D92342096C004600F8 /* AppDelegate.swift */ = {isa = PBXFileReference; lastKnownFileType = sourcecode.swift; path = AppDelegate.swift; sourceTree = "<group>"; };
		844DB9DB2342096C004600F8 /* ViewController.swift */ = {isa = PBXFileReference; lastKnownFileType = sourcecode.swift; path = ViewController.swift; sourceTree = "<group>"; };
		844DB9DE2342096C004600F8 /* Base */ = {isa = PBXFileReference; lastKnownFileType = file.storyboard; name = Base; path = Base.lproj/Main.storyboard; sourceTree = "<group>"; };
		844DB9E02342096C004600F8 /* Assets.xcassets */ = {isa = PBXFileReference; lastKnownFileType = folder.assetcatalog; path = Assets.xcassets; sourceTree = "<group>"; };
		844DB9E32342096C004600F8 /* Base */ = {isa = PBXFileReference; lastKnownFileType = file.storyboard; name = Base; path = Base.lproj/LaunchScreen.storyboard; sourceTree = "<group>"; };
		844DB9E52342096C004600F8 /* Info.plist */ = {isa = PBXFileReference; lastKnownFileType = text.plist.xml; path = Info.plist; sourceTree = "<group>"; };
		844DB9EA2342096C004600F8 /* ex02Tests.xctest */ = {isa = PBXFileReference; explicitFileType = wrapper.cfbundle; includeInIndex = 0; path = ex02Tests.xctest; sourceTree = BUILT_PRODUCTS_DIR; };
		844DB9EE2342096C004600F8 /* ex02Tests.swift */ = {isa = PBXFileReference; lastKnownFileType = sourcecode.swift; path = ex02Tests.swift; sourceTree = "<group>"; };
		844DB9F02342096C004600F8 /* Info.plist */ = {isa = PBXFileReference; lastKnownFileType = text.plist.xml; path = Info.plist; sourceTree = "<group>"; };
		844DB9F52342096C004600F8 /* ex02UITests.xctest */ = {isa = PBXFileReference; explicitFileType = wrapper.cfbundle; includeInIndex = 0; path = ex02UITests.xctest; sourceTree = BUILT_PRODUCTS_DIR; };
		844DB9F92342096C004600F8 /* ex02UITests.swift */ = {isa = PBXFileReference; lastKnownFileType = sourcecode.swift; path = ex02UITests.swift; sourceTree = "<group>"; };
		844DB9FB2342096C004600F8 /* Info.plist */ = {isa = PBXFileReference; lastKnownFileType = text.plist.xml; path = Info.plist; sourceTree = "<group>"; };
/* End PBXFileReference section */

/* Begin PBXFrameworksBuildPhase section */
		844DB9D32342096C004600F8 /* Frameworks */ = {
			isa = PBXFrameworksBuildPhase;
			buildActionMask = 2147483647;
			files = (
			);
			runOnlyForDeploymentPostprocessing = 0;
		};
		844DB9E72342096C004600F8 /* Frameworks */ = {
			isa = PBXFrameworksBuildPhase;
			buildActionMask = 2147483647;
			files = (
			);
			runOnlyForDeploymentPostprocessing = 0;
		};
		844DB9F22342096C004600F8 /* Frameworks */ = {
			isa = PBXFrameworksBuildPhase;
			buildActionMask = 2147483647;
			files = (
			);
			runOnlyForDeploymentPostprocessing = 0;
		};
/* End PBXFrameworksBuildPhase section */

/* Begin PBXGroup section */
		844DB9CD2342096B004600F8 = {
			isa = PBXGroup;
			children = (
				844DB9D82342096C004600F8 /* ex02 */,
				844DB9ED2342096C004600F8 /* ex02Tests */,
				844DB9F82342096C004600F8 /* ex02UITests */,
				844DB9D72342096C004600F8 /* Products */,
			);
			sourceTree = "<group>";
		};
		844DB9D72342096C004600F8 /* Products */ = {
			isa = PBXGroup;
			children = (
				844DB9D62342096C004600F8 /* ex02.app */,
				844DB9EA2342096C004600F8 /* ex02Tests.xctest */,
				844DB9F52342096C004600F8 /* ex02UITests.xctest */,
			);
			name = Products;
			sourceTree = "<group>";
		};
		844DB9D82342096C004600F8 /* ex02 */ = {
			isa = PBXGroup;
			children = (
				844DB9D92342096C004600F8 /* AppDelegate.swift */,
				844DB9DB2342096C004600F8 /* ViewController.swift */,
				844DB9DD2342096C004600F8 /* Main.storyboard */,
				844DB9E02342096C004600F8 /* Assets.xcassets */,
				844DB9E22342096C004600F8 /* LaunchScreen.storyboard */,
				844DB9E52342096C004600F8 /* Info.plist */,
			);
			path = ex02;
			sourceTree = "<group>";
		};
		844DB9ED2342096C004600F8 /* ex02Tests */ = {
			isa = PBXGroup;
			children = (
				844DB9EE2342096C004600F8 /* ex02Tests.swift */,
				844DB9F02342096C004600F8 /* Info.plist */,
			);
			path = ex02Tests;
			sourceTree = "<group>";
		};
		844DB9F82342096C004600F8 /* ex02UITests */ = {
			isa = PBXGroup;
			children = (
				844DB9F92342096C004600F8 /* ex02UITests.swift */,
				844DB9FB2342096C004600F8 /* Info.plist */,
			);
			path = ex02UITests;
			sourceTree = "<group>";
		};
/* End PBXGroup section */

/* Begin PBXNativeTarget section */
		844DB9D52342096C004600F8 /* ex02 */ = {
			isa = PBXNativeTarget;
			buildConfigurationList = 844DB9FE2342096C004600F8 /* Build configuration list for PBXNativeTarget "ex02" */;
			buildPhases = (
				844DB9D22342096C004600F8 /* Sources */,
				844DB9D32342096C004600F8 /* Frameworks */,
				844DB9D42342096C004600F8 /* Resources */,
			);
			buildRules = (
			);
			dependencies = (
			);
			name = ex02;
			productName = ex02;
			productReference = 844DB9D62342096C004600F8 /* ex02.app */;
			productType = "com.apple.product-type.application";
		};
		844DB9E92342096C004600F8 /* ex02Tests */ = {
			isa = PBXNativeTarget;
			buildConfigurationList = 844DBA012342096C004600F8 /* Build configuration list for PBXNativeTarget "ex02Tests" */;
			buildPhases = (
				844DB9E62342096C004600F8 /* Sources */,
				844DB9E72342096C004600F8 /* Frameworks */,
				844DB9E82342096C004600F8 /* Resources */,
			);
			buildRules = (
			);
			dependencies = (
				844DB9EC2342096C004600F8 /* PBXTargetDependency */,
			);
			name = ex02Tests;
			productName = ex02Tests;
			productReference = 844DB9EA2342096C004600F8 /* ex02Tests.xctest */;
			productType = "com.apple.product-type.bundle.unit-test";
		};
		844DB9F42342096C004600F8 /* ex02UITests */ = {
			isa = PBXNativeTarget;
			buildConfigurationList = 844DBA042342096C004600F8 /* Build configuration list for PBXNativeTarget "ex02UITests" */;
			buildPhases = (
				844DB9F12342096C004600F8 /* Sources */,
				844DB9F22342096C004600F8 /* Frameworks */,
				844DB9F32342096C004600F8 /* Resources */,
			);
			buildRules = (
			);
			dependencies = (
				844DB9F72342096C004600F8 /* PBXTargetDependency */,
			);
			name = ex02UITests;
			productName = ex02UITests;
			productReference = 844DB9F52342096C004600F8 /* ex02UITests.xctest */;
			productType = "com.apple.product-type.bundle.ui-testing";
		};
/* End PBXNativeTarget section */

/* Begin PBXProject section */
		844DB9CE2342096B004600F8 /* Project object */ = {
			isa = PBXProject;
			attributes = {
				LastSwiftUpdateCheck = 0920;
				LastUpgradeCheck = 0920;
				ORGANIZATIONNAME = "Ihor KOVALENKO";
				TargetAttributes = {
					844DB9D52342096C004600F8 = {
						CreatedOnToolsVersion = 9.2;
						ProvisioningStyle = Automatic;
					};
					844DB9E92342096C004600F8 = {
						CreatedOnToolsVersion = 9.2;
						ProvisioningStyle = Automatic;
						TestTargetID = 844DB9D52342096C004600F8;
					};
					844DB9F42342096C004600F8 = {
						CreatedOnToolsVersion = 9.2;
						ProvisioningStyle = Automatic;
						TestTargetID = 844DB9D52342096C004600F8;
					};
				};
			};
			buildConfigurationList = 844DB9D12342096B004600F8 /* Build configuration list for PBXProject "ex02" */;
			compatibilityVersion = "Xcode 8.0";
			developmentRegion = en;
			hasScannedForEncodings = 0;
			knownRegions = (
				en,
				Base,
			);
			mainGroup = 844DB9CD2342096B004600F8;
			productRefGroup = 844DB9D72342096C004600F8 /* Products */;
			projectDirPath = "";
			projectRoot = "";
			targets = (
				844DB9D52342096C004600F8 /* ex02 */,
				844DB9E92342096C004600F8 /* ex02Tests */,
				844DB9F42342096C004600F8 /* ex02UITests */,
			);
		};
/* End PBXProject section */

/* Begin PBXResourcesBuildPhase section */
		844DB9D42342096C004600F8 /* Resources */ = {
			isa = PBXResourcesBuildPhase;
			buildActionMask = 2147483647;
			files = (
				844DB9E42342096C004600F8 /* LaunchScreen.storyboard in Resources */,
				844DB9E12342096C004600F8 /* Assets.xcassets in Resources */,
				844DB9DF2342096C004600F8 /* Main.storyboard in Resources */,
			);
			runOnlyForDeploymentPostprocessing = 0;
		};
		844DB9E82342096C004600F8 /* Resources */ = {
			isa = PBXResourcesBuildPhase;
			buildActionMask = 2147483647;
			files = (
			);
			runOnlyForDeploymentPostprocessing = 0;
		};
		844DB9F32342096C004600F8 /* Resources */ = {
			isa = PBXResourcesBuildPhase;
			buildActionMask = 2147483647;
			files = (
			);
			runOnlyForDeploymentPostprocessing = 0;
		};
/* End PBXResourcesBuildPhase section */

/* Begin PBXSourcesBuildPhase section */
		844DB9D22342096C004600F8 /* Sources */ = {
			isa = PBXSourcesBuildPhase;
			buildActionMask = 2147483647;
			files = (
				844DB9DC2342096C004600F8 /* ViewController.swift in Sources */,
				844DB9DA2342096C004600F8 /* AppDelegate.swift in Sources */,
			);
			runOnlyForDeploymentPostprocessing = 0;
		};
		844DB9E62342096C004600F8 /* Sources */ = {
			isa = PBXSourcesBuildPhase;
			buildActionMask = 2147483647;
			files = (
				844DB9EF2342096C004600F8 /* ex02Tests.swift in Sources */,
			);
			runOnlyForDeploymentPostprocessing = 0;
		};
		844DB9F12342096C004600F8 /* Sources */ = {
			isa = PBXSourcesBuildPhase;
			buildActionMask = 2147483647;
			files = (
				844DB9FA2342096C004600F8 /* ex02UITests.swift in Sources */,
			);
			runOnlyForDeploymentPostprocessing = 0;
		};
/* End PBXSourcesBuildPhase section */

/* Begin PBXTargetDependency section */
		844DB9EC2342096C004600F8 /* PBXTargetDependency */ = {
			isa = PBXTargetDependency;
			target = 844DB9D52342096C004600F8 /* ex02 */;
			targetProxy = 844DB9EB2342096C004600F8 /* PBXContainerItemProxy */;
		};
		844DB9F72342096C004600F8 /* PBXTargetDependency */ = {
			isa = PBXTargetDependency;
			target = 844DB9D52342096C004600F8 /* ex02 */;
			targetProxy = 844DB9F62342096C004600F8 /* PBXContainerItemProxy */;
		};
/* End PBXTargetDependency section */

/* Begin PBXVariantGroup section */
		844DB9DD2342096C004600F8 /* Main.storyboard */ = {
			isa = PBXVariantGroup;
			children = (
				844DB9DE2342096C004600F8 /* Base */,
			);
			name = Main.storyboard;
			sourceTree = "<group>";
		};
		844DB9E22342096C004600F8 /* LaunchScreen.storyboard */ = {
			isa = PBXVariantGroup;
			children = (
				844DB9E32342096C004600F8 /* Base */,
			);
			name = LaunchScreen.storyboard;
			sourceTree = "<group>";
		};
/* End PBXVariantGroup section */

/* Begin XCBuildConfiguration section */
		844DB9FC2342096C004600F8 /* Debug */ = {
			isa = XCBuildConfiguration;
			buildSettings = {
				ALWAYS_SEARCH_USER_PATHS = NO;
				CLANG_ANALYZER_NONNULL = YES;
				CLANG_ANALYZER_NUMBER_OBJECT_CONVERSION = YES_AGGRESSIVE;
				CLANG_CXX_LANGUAGE_STANDARD = "gnu++14";
				CLANG_CXX_LIBRARY = "libc++";
				CLANG_ENABLE_MODULES = YES;
				CLANG_ENABLE_OBJC_ARC = YES;
				CLANG_WARN_BLOCK_CAPTURE_AUTORELEASING = YES;
				CLANG_WARN_BOOL_CONVERSION = YES;
				CLANG_WARN_COMMA = YES;
				CLANG_WARN_CONSTANT_CONVERSION = YES;
				CLANG_WARN_DIRECT_OBJC_ISA_USAGE = YES_ERROR;
				CLANG_WARN_DOCUMENTATION_COMMENTS = YES;
				CLANG_WARN_EMPTY_BODY = YES;
				CLANG_WARN_ENUM_CONVERSION = YES;
				CLANG_WARN_INFINITE_RECURSION = YES;
				CLANG_WARN_INT_CONVERSION = YES;
				CLANG_WARN_NON_LITERAL_NULL_CONVERSION = YES;
				CLANG_WARN_OBJC_LITERAL_CONVERSION = YES;
				CLANG_WARN_OBJC_ROOT_CLASS = YES_ERROR;
				CLANG_WARN_RANGE_LOOP_ANALYSIS = YES;
				CLANG_WARN_STRICT_PROTOTYPES = YES;
				CLANG_WARN_SUSPICIOUS_MOVE = YES;
				CLANG_WARN_UNGUARDED_AVAILABILITY = YES_AGGRESSIVE;
				CLANG_WARN_UNREACHABLE_CODE = YES;
				CLANG_WARN__DUPLICATE_METHOD_MATCH = YES;
				CODE_SIGN_IDENTITY = "iPhone Developer";
				COPY_PHASE_STRIP = NO;
				DEBUG_INFORMATION_FORMAT = dwarf;
				ENABLE_STRICT_OBJC_MSGSEND = YES;
				ENABLE_TESTABILITY = YES;
				GCC_C_LANGUAGE_STANDARD = gnu11;
				GCC_DYNAMIC_NO_PIC = NO;
				GCC_NO_COMMON_BLOCKS = YES;
				GCC_OPTIMIZATION_LEVEL = 0;
				GCC_PREPROCESSOR_DEFINITIONS = (
					"DEBUG=1",
					"$(inherited)",
				);
				GCC_WARN_64_TO_32_BIT_CONVERSION = YES;
				GCC_WARN_ABOUT_RETURN_TYPE = YES_ERROR;
				GCC_WARN_UNDECLARED_SELECTOR = YES;
				GCC_WARN_UNINITIALIZED_AUTOS = YES_AGGRESSIVE;
				GCC_WARN_UNUSED_FUNCTION = YES;
				GCC_WARN_UNUSED_VARIABLE = YES;
				IPHONEOS_DEPLOYMENT_TARGET = 11.2;
				MTL_ENABLE_DEBUG_INFO = YES;
				ONLY_ACTIVE_ARCH = YES;
				SDKROOT = iphoneos;
				SWIFT_ACTIVE_COMPILATION_CONDITIONS = DEBUG;
				SWIFT_OPTIMIZATION_LEVEL = "-Onone";
			};
			name = Debug;
		};
		844DB9FD2342096C004600F8 /* Release */ = {
			isa = XCBuildConfiguration;
			buildSettings = {
				ALWAYS_SEARCH_USER_PATHS = NO;
				CLANG_ANALYZER_NONNULL = YES;
				CLANG_ANALYZER_NUMBER_OBJECT_CONVERSION = YES_AGGRESSIVE;
				CLANG_CXX_LANGUAGE_STANDARD = "gnu++14";
				CLANG_CXX_LIBRARY = "libc++";
				CLANG_ENABLE_MODULES = YES;
				CLANG_ENABLE_OBJC_ARC = YES;
				CLANG_WARN_BLOCK_CAPTURE_AUTORELEASING = YES;
				CLANG_WARN_BOOL_CONVERSION = YES;
				CLANG_WARN_COMMA = YES;
				CLANG_WARN_CONSTANT_CONVERSION = YES;
				CLANG_WARN_DIRECT_OBJC_ISA_USAGE = YES_ERROR;
				CLANG_WARN_DOCUMENTATION_COMMENTS = YES;
				CLANG_WARN_EMPTY_BODY = YES;
				CLANG_WARN_ENUM_CONVERSION = YES;
				CLANG_WARN_INFINITE_RECURSION = YES;
				CLANG_WARN_INT_CONVERSION = YES;
				CLANG_WARN_NON_LITERAL_NULL_CONVERSION = YES;
				CLANG_WARN_OBJC_LITERAL_CONVERSION = YES;
				CLANG_WARN_OBJC_ROOT_CLASS = YES_ERROR;
				CLANG_WARN_RANGE_LOOP_ANALYSIS = YES;
				CLANG_WARN_STRICT_PROTOTYPES = YES;
				CLANG_WARN_SUSPICIOUS_MOVE = YES;
				CLANG_WARN_UNGUARDED_AVAILABILITY = YES_AGGRESSIVE;
				CLANG_WARN_UNREACHABLE_CODE = YES;
				CLANG_WARN__DUPLICATE_METHOD_MATCH = YES;
				CODE_SIGN_IDENTITY = "iPhone Developer";
				COPY_PHASE_STRIP = NO;
				DEBUG_INFORMATION_FORMAT = "dwarf-with-dsym";
				ENABLE_NS_ASSERTIONS = NO;
				ENABLE_STRICT_OBJC_MSGSEND = YES;
				GCC_C_LANGUAGE_STANDARD = gnu11;
				GCC_NO_COMMON_BLOCKS = YES;
				GCC_WARN_64_TO_32_BIT_CONVERSION = YES;
				GCC_WARN_ABOUT_RETURN_TYPE = YES_ERROR;
				GCC_WARN_UNDECLARED_SELECTOR = YES;
				GCC_WARN_UNINITIALIZED_AUTOS = YES_AGGRESSIVE;
				GCC_WARN_UNUSED_FUNCTION = YES;
				GCC_WARN_UNUSED_VARIABLE = YES;
				IPHONEOS_DEPLOYMENT_TARGET = 11.2;
				MTL_ENABLE_DEBUG_INFO = NO;
				SDKROOT = iphoneos;
				SWIFT_OPTIMIZATION_LEVEL = "-Owholemodule";
				VALIDATE_PRODUCT = YES;
			};
			name = Release;
		};
		844DB9FF2342096C004600F8 /* Debug */ = {
			isa = XCBuildConfiguration;
			buildSettings = {
				ASSETCATALOG_COMPILER_APPICON_NAME = AppIcon;
				CODE_SIGN_STYLE = Automatic;
				INFOPLIST_FILE = ex02/Info.plist;
				LD_RUNPATH_SEARCH_PATHS = "$(inherited) @executable_path/Frameworks";
				PRODUCT_BUNDLE_IDENTIFIER = com.ikovalen.ex02;
				PRODUCT_NAME = "$(TARGET_NAME)";
				SWIFT_VERSION = 4.0;
				TARGETED_DEVICE_FAMILY = "1,2";
			};
			name = Debug;
		};
		844DBA002342096C004600F8 /* Release */ = {
			isa = XCBuildConfiguration;
			buildSettings = {
				ASSETCATALOG_COMPILER_APPICON_NAME = AppIcon;
				CODE_SIGN_STYLE = Automatic;
				INFOPLIST_FILE = ex02/Info.plist;
				LD_RUNPATH_SEARCH_PATHS = "$(inherited) @executable_path/Frameworks";
				PRODUCT_BUNDLE_IDENTIFIER = com.ikovalen.ex02;
				PRODUCT_NAME = "$(TARGET_NAME)";
				SWIFT_VERSION = 4.0;
				TARGETED_DEVICE_FAMILY = "1,2";
			};
			name = Release;
		};
		844DBA022342096C004600F8 /* Debug */ = {
			isa = XCBuildConfiguration;
			buildSettings = {
				ALWAYS_EMBED_SWIFT_STANDARD_LIBRARIES = YES;
				BUNDLE_LOADER = "$(TEST_HOST)";
				CODE_SIGN_STYLE = Automatic;
				INFOPLIST_FILE = ex02Tests/Info.plist;
				LD_RUNPATH_SEARCH_PATHS = "$(inherited) @executable_path/Frameworks @loader_path/Frameworks";
				PRODUCT_BUNDLE_IDENTIFIER = com.ikovalen.ex02Tests;
				PRODUCT_NAME = "$(TARGET_NAME)";
				SWIFT_VERSION = 4.0;
				TARGETED_DEVICE_FAMILY = "1,2";
				TEST_HOST = "$(BUILT_PRODUCTS_DIR)/ex02.app/ex02";
			};
			name = Debug;
		};
		844DBA032342096C004600F8 /* Release */ = {
			isa = XCBuildConfiguration;
			buildSettings = {
				ALWAYS_EMBED_SWIFT_STANDARD_LIBRARIES = YES;
				BUNDLE_LOADER = "$(TEST_HOST)";
				CODE_SIGN_STYLE = Automatic;
				INFOPLIST_FILE = ex02Tests/Info.plist;
				LD_RUNPATH_SEARCH_PATHS = "$(inherited) @executable_path/Frameworks @loader_path/Frameworks";
				PRODUCT_BUNDLE_IDENTIFIER = com.ikovalen.ex02Tests;
				PRODUCT_NAME = "$(TARGET_NAME)";
				SWIFT_VERSION = 4.0;
				TARGETED_DEVICE_FAMILY = "1,2";
				TEST_HOST = "$(BUILT_PRODUCTS_DIR)/ex02.app/ex02";
			};
			name = Release;
		};
		844DBA052342096C004600F8 /* Debug */ = {
			isa = XCBuildConfiguration;
			buildSettings = {
				ALWAYS_EMBED_SWIFT_STANDARD_LIBRARIES = YES;
				CODE_SIGN_STYLE = Automatic;
				INFOPLIST_FILE = ex02UITests/Info.plist;
				LD_RUNPATH_SEARCH_PATHS = "$(inherited) @executable_path/Frameworks @loader_path/Frameworks";
				PRODUCT_BUNDLE_IDENTIFIER = com.ikovalen.ex02UITests;
				PRODUCT_NAME = "$(TARGET_NAME)";
				SWIFT_VERSION = 4.0;
				TARGETED_DEVICE_FAMILY = "1,2";
				TEST_TARGET_NAME = ex02;
			};
			name = Debug;
		};
		844DBA062342096C004600F8 /* Release */ = {
			isa = XCBuildConfiguration;
			buildSettings = {
				ALWAYS_EMBED_SWIFT_STANDARD_LIBRARIES = YES;
				CODE_SIGN_STYLE = Automatic;
				INFOPLIST_FILE = ex02UITests/Info.plist;
				LD_RUNPATH_SEARCH_PATHS = "$(inherited) @executable_path/Frameworks @loader_path/Frameworks";
				PRODUCT_BUNDLE_IDENTIFIER = com.ikovalen.ex02UITests;
				PRODUCT_NAME = "$(TARGET_NAME)";
				SWIFT_VERSION = 4.0;
				TARGETED_DEVICE_FAMILY = "1,2";
				TEST_TARGET_NAME = ex02;
			};
			name = Release;
		};
/* End XCBuildConfiguration section */

/* Begin XCConfigurationList section */
		844DB9D12342096B004600F8 /* Build configuration list for PBXProject "ex02" */ = {
			isa = XCConfigurationList;
			buildConfigurations = (
				844DB9FC2342096C004600F8 /* Debug */,
				844DB9FD2342096C004600F8 /* Release */,
			);
			defaultConfigurationIsVisible = 0;
			defaultConfigurationName = Release;
		};
		844DB9FE2342096C004600F8 /* Build configuration list for PBXNativeTarget "ex02" */ = {
			isa = XCConfigurationList;
			buildConfigurations = (
				844DB9FF2342096C004600F8 /* Debug */,
				844DBA002342096C004600F8 /* Release */,
			);
			defaultConfigurationIsVisible = 0;
			defaultConfigurationName = Release;
		};
		844DBA012342096C004600F8 /* Build configuration list for PBXNativeTarget "ex02Tests" */ = {
			isa = XCConfigurationList;
			buildConfigurations = (
				844DBA022342096C004600F8 /* Debug */,
				844DBA032342096C004600F8 /* Release */,
			);
			defaultConfigurationIsVisible = 0;
			defaultConfigurationName = Release;
		};
		844DBA042342096C004600F8 /* Build configuration list for PBXNativeTarget "ex02UITests" */ = {
			isa = XCConfigurationList;
			buildConfigurations = (
				844DBA052342096C004600F8 /* Debug */,
				844DBA062342096C004600F8 /* Release */,
			);
			defaultConfigurationIsVisible = 0;
			defaultConfigurationName = Release;
		};
/* End XCConfigurationList section */
	};
	rootObject = 844DB9CE2342096B004600F8 /* Project object */;
}
