// !$*UTF8*$!
{
	archiveVersion = 1;
	classes = {
	};
	objectVersion = 48;
	objects = {

/* Begin PBXBuildFile section */
		841DEB362350DD9E000A476A /* AddArticleViewController.swift in Sources */ = {isa = PBXBuildFile; fileRef = 841DEB352350DD9E000A476A /* AddArticleViewController.swift */; };
		8420916E2350AAF400A8AB70 /* AppDelegate.swift in Sources */ = {isa = PBXBuildFile; fileRef = 8420916D2350AAF400A8AB70 /* AppDelegate.swift */; };
		842091702350AAF400A8AB70 /* ViewController.swift in Sources */ = {isa = PBXBuildFile; fileRef = 8420916F2350AAF400A8AB70 /* ViewController.swift */; };
		842091732350AAF400A8AB70 /* Main.storyboard in Resources */ = {isa = PBXBuildFile; fileRef = 842091712350AAF400A8AB70 /* Main.storyboard */; };
		842091752350AAF400A8AB70 /* Assets.xcassets in Resources */ = {isa = PBXBuildFile; fileRef = 842091742350AAF400A8AB70 /* Assets.xcassets */; };
		842091782350AAF400A8AB70 /* LaunchScreen.storyboard in Resources */ = {isa = PBXBuildFile; fileRef = 842091762350AAF400A8AB70 /* LaunchScreen.storyboard */; };
		842091802350B3CE00A8AB70 /* TableViewCell.swift in Sources */ = {isa = PBXBuildFile; fileRef = 8420917F2350B3CE00A8AB70 /* TableViewCell.swift */; };
		842091822350BD4000A8AB70 /* DiaryViewController.swift in Sources */ = {isa = PBXBuildFile; fileRef = 842091812350BD4000A8AB70 /* DiaryViewController.swift */; };
		EBC7EF3662637920D6025675 /* Pods_day09.framework in Frameworks */ = {isa = PBXBuildFile; fileRef = 6799153881FED40F1032B324 /* Pods_day09.framework */; };
/* End PBXBuildFile section */

/* Begin PBXFileReference section */
		1C6B1E0BFBD7BECA19B9A9E7 /* Pods-day09.release.xcconfig */ = {isa = PBXFileReference; includeInIndex = 1; lastKnownFileType = text.xcconfig; name = "Pods-day09.release.xcconfig"; path = "Target Support Files/Pods-day09/Pods-day09.release.xcconfig"; sourceTree = "<group>"; };
		483D161EB6503A72E470D83C /* Pods-day09.debug.xcconfig */ = {isa = PBXFileReference; includeInIndex = 1; lastKnownFileType = text.xcconfig; name = "Pods-day09.debug.xcconfig"; path = "Target Support Files/Pods-day09/Pods-day09.debug.xcconfig"; sourceTree = "<group>"; };
		6799153881FED40F1032B324 /* Pods_day09.framework */ = {isa = PBXFileReference; explicitFileType = wrapper.framework; includeInIndex = 0; path = Pods_day09.framework; sourceTree = BUILT_PRODUCTS_DIR; };
		841DEB352350DD9E000A476A /* AddArticleViewController.swift */ = {isa = PBXFileReference; lastKnownFileType = sourcecode.swift; path = AddArticleViewController.swift; sourceTree = "<group>"; };
		8420916A2350AAF400A8AB70 /* day09.app */ = {isa = PBXFileReference; explicitFileType = wrapper.application; includeInIndex = 0; path = day09.app; sourceTree = BUILT_PRODUCTS_DIR; };
		8420916D2350AAF400A8AB70 /* AppDelegate.swift */ = {isa = PBXFileReference; lastKnownFileType = sourcecode.swift; path = AppDelegate.swift; sourceTree = "<group>"; };
		8420916F2350AAF400A8AB70 /* ViewController.swift */ = {isa = PBXFileReference; lastKnownFileType = sourcecode.swift; path = ViewController.swift; sourceTree = "<group>"; };
		842091722350AAF400A8AB70 /* Base */ = {isa = PBXFileReference; lastKnownFileType = file.storyboard; name = Base; path = Base.lproj/Main.storyboard; sourceTree = "<group>"; };
		842091742350AAF400A8AB70 /* Assets.xcassets */ = {isa = PBXFileReference; lastKnownFileType = folder.assetcatalog; path = Assets.xcassets; sourceTree = "<group>"; };
		842091772350AAF400A8AB70 /* Base */ = {isa = PBXFileReference; lastKnownFileType = file.storyboard; name = Base; path = Base.lproj/LaunchScreen.storyboard; sourceTree = "<group>"; };
		842091792350AAF400A8AB70 /* Info.plist */ = {isa = PBXFileReference; lastKnownFileType = text.plist.xml; path = Info.plist; sourceTree = "<group>"; };
		8420917F2350B3CE00A8AB70 /* TableViewCell.swift */ = {isa = PBXFileReference; lastKnownFileType = sourcecode.swift; path = TableViewCell.swift; sourceTree = "<group>"; };
		842091812350BD4000A8AB70 /* DiaryViewController.swift */ = {isa = PBXFileReference; lastKnownFileType = sourcecode.swift; path = DiaryViewController.swift; sourceTree = "<group>"; };
		8474172723523AB2005A4A03 /* fr */ = {isa = PBXFileReference; lastKnownFileType = text.plist.strings; name = fr; path = fr.lproj/Main.strings; sourceTree = "<group>"; };
		8474172823523AB2005A4A03 /* fr */ = {isa = PBXFileReference; lastKnownFileType = text.plist.strings; name = fr; path = fr.lproj/LaunchScreen.strings; sourceTree = "<group>"; };
/* End PBXFileReference section */

/* Begin PBXFrameworksBuildPhase section */
		842091672350AAF400A8AB70 /* Frameworks */ = {
			isa = PBXFrameworksBuildPhase;
			buildActionMask = 2147483647;
			files = (
				EBC7EF3662637920D6025675 /* Pods_day09.framework in Frameworks */,
			);
			runOnlyForDeploymentPostprocessing = 0;
		};
/* End PBXFrameworksBuildPhase section */

/* Begin PBXGroup section */
		05F58F061B0476DE6F11BEAF /* Frameworks */ = {
			isa = PBXGroup;
			children = (
				6799153881FED40F1032B324 /* Pods_day09.framework */,
			);
			name = Frameworks;
			sourceTree = "<group>";
		};
		4C1332AEFC026DAA26737123 /* Pods */ = {
			isa = PBXGroup;
			children = (
				483D161EB6503A72E470D83C /* Pods-day09.debug.xcconfig */,
				1C6B1E0BFBD7BECA19B9A9E7 /* Pods-day09.release.xcconfig */,
			);
			path = Pods;
			sourceTree = "<group>";
		};
		842091612350AAF400A8AB70 = {
			isa = PBXGroup;
			children = (
				8420916C2350AAF400A8AB70 /* day09 */,
				8420916B2350AAF400A8AB70 /* Products */,
				4C1332AEFC026DAA26737123 /* Pods */,
				05F58F061B0476DE6F11BEAF /* Frameworks */,
			);
			sourceTree = "<group>";
		};
		8420916B2350AAF400A8AB70 /* Products */ = {
			isa = PBXGroup;
			children = (
				8420916A2350AAF400A8AB70 /* day09.app */,
			);
			name = Products;
			sourceTree = "<group>";
		};
		8420916C2350AAF400A8AB70 /* day09 */ = {
			isa = PBXGroup;
			children = (
				8420916D2350AAF400A8AB70 /* AppDelegate.swift */,
				8420916F2350AAF400A8AB70 /* ViewController.swift */,
				842091712350AAF400A8AB70 /* Main.storyboard */,
				841DEB352350DD9E000A476A /* AddArticleViewController.swift */,
				842091812350BD4000A8AB70 /* DiaryViewController.swift */,
				8420917F2350B3CE00A8AB70 /* TableViewCell.swift */,
				842091742350AAF400A8AB70 /* Assets.xcassets */,
				842091762350AAF400A8AB70 /* LaunchScreen.storyboard */,
				842091792350AAF400A8AB70 /* Info.plist */,
			);
			path = day09;
			sourceTree = "<group>";
		};
/* End PBXGroup section */

/* Begin PBXNativeTarget section */
		842091692350AAF400A8AB70 /* day09 */ = {
			isa = PBXNativeTarget;
			buildConfigurationList = 8420917C2350AAF400A8AB70 /* Build configuration list for PBXNativeTarget "day09" */;
			buildPhases = (
				6D48571D4F68B0162D1B9021 /* [CP] Check Pods Manifest.lock */,
				842091662350AAF400A8AB70 /* Sources */,
				842091672350AAF400A8AB70 /* Frameworks */,
				842091682350AAF400A8AB70 /* Resources */,
				C541E9D8AB4C5BE6C154B431 /* [CP] Embed Pods Frameworks */,
			);
			buildRules = (
			);
			dependencies = (
			);
			name = day09;
			productName = day09;
			productReference = 8420916A2350AAF400A8AB70 /* day09.app */;
			productType = "com.apple.product-type.application";
		};
/* End PBXNativeTarget section */

/* Begin PBXProject section */
		842091622350AAF400A8AB70 /* Project object */ = {
			isa = PBXProject;
			attributes = {
				LastSwiftUpdateCheck = 0920;
				LastUpgradeCheck = 0920;
				ORGANIZATIONNAME = "Ihor KOVALENKO";
				TargetAttributes = {
					842091692350AAF400A8AB70 = {
						CreatedOnToolsVersion = 9.2;
						ProvisioningStyle = Automatic;
					};
				};
			};
			buildConfigurationList = 842091652350AAF400A8AB70 /* Build configuration list for PBXProject "day09" */;
			compatibilityVersion = "Xcode 8.0";
			developmentRegion = en;
			hasScannedForEncodings = 0;
			knownRegions = (
				en,
				Base,
				fr,
			);
			mainGroup = 842091612350AAF400A8AB70;
			productRefGroup = 8420916B2350AAF400A8AB70 /* Products */;
			projectDirPath = "";
			projectRoot = "";
			targets = (
				842091692350AAF400A8AB70 /* day09 */,
			);
		};
/* End PBXProject section */

/* Begin PBXResourcesBuildPhase section */
		842091682350AAF400A8AB70 /* Resources */ = {
			isa = PBXResourcesBuildPhase;
			buildActionMask = 2147483647;
			files = (
				842091782350AAF400A8AB70 /* LaunchScreen.storyboard in Resources */,
				842091752350AAF400A8AB70 /* Assets.xcassets in Resources */,
				842091732350AAF400A8AB70 /* Main.storyboard in Resources */,
			);
			runOnlyForDeploymentPostprocessing = 0;
		};
/* End PBXResourcesBuildPhase section */

/* Begin PBXShellScriptBuildPhase section */
		6D48571D4F68B0162D1B9021 /* [CP] Check Pods Manifest.lock */ = {
			isa = PBXShellScriptBuildPhase;
			buildActionMask = 2147483647;
			files = (
			);
			inputPaths = (
				"${PODS_PODFILE_DIR_PATH}/Podfile.lock",
				"${PODS_ROOT}/Manifest.lock",
			);
			name = "[CP] Check Pods Manifest.lock";
			outputPaths = (
				"$(DERIVED_FILE_DIR)/Pods-day09-checkManifestLockResult.txt",
			);
			runOnlyForDeploymentPostprocessing = 0;
			shellPath = /bin/sh;
			shellScript = "diff \"${PODS_PODFILE_DIR_PATH}/Podfile.lock\" \"${PODS_ROOT}/Manifest.lock\" > /dev/null\nif [ $? != 0 ] ; then\n    # print error to STDERR\n    echo \"error: The sandbox is not in sync with the Podfile.lock. Run 'pod install' or update your CocoaPods installation.\" >&2\n    exit 1\nfi\n# This output is used by Xcode 'outputs' to avoid re-running this script phase.\necho \"SUCCESS\" > \"${SCRIPT_OUTPUT_FILE_0}\"\n";
			showEnvVarsInLog = 0;
		};
		C541E9D8AB4C5BE6C154B431 /* [CP] Embed Pods Frameworks */ = {
			isa = PBXShellScriptBuildPhase;
			buildActionMask = 2147483647;
			files = (
			);
			inputPaths = (
				"${PODS_ROOT}/Target Support Files/Pods-day09/Pods-day09-frameworks.sh",
				"${BUILT_PRODUCTS_DIR}/ikovalen2019/ikovalen2019.framework",
			);
			name = "[CP] Embed Pods Frameworks";
			outputPaths = (
				"${TARGET_BUILD_DIR}/${FRAMEWORKS_FOLDER_PATH}/ikovalen2019.framework",
			);
			runOnlyForDeploymentPostprocessing = 0;
			shellPath = /bin/sh;
			shellScript = "\"${PODS_ROOT}/Target Support Files/Pods-day09/Pods-day09-frameworks.sh\"\n";
			showEnvVarsInLog = 0;
		};
/* End PBXShellScriptBuildPhase section */

/* Begin PBXSourcesBuildPhase section */
		842091662350AAF400A8AB70 /* Sources */ = {
			isa = PBXSourcesBuildPhase;
			buildActionMask = 2147483647;
			files = (
				842091822350BD4000A8AB70 /* DiaryViewController.swift in Sources */,
				841DEB362350DD9E000A476A /* AddArticleViewController.swift in Sources */,
				842091802350B3CE00A8AB70 /* TableViewCell.swift in Sources */,
				842091702350AAF400A8AB70 /* ViewController.swift in Sources */,
				8420916E2350AAF400A8AB70 /* AppDelegate.swift in Sources */,
			);
			runOnlyForDeploymentPostprocessing = 0;
		};
/* End PBXSourcesBuildPhase section */

/* Begin PBXVariantGroup section */
		842091712350AAF400A8AB70 /* Main.storyboard */ = {
			isa = PBXVariantGroup;
			children = (
				842091722350AAF400A8AB70 /* Base */,
				8474172723523AB2005A4A03 /* fr */,
			);
			name = Main.storyboard;
			sourceTree = "<group>";
		};
		842091762350AAF400A8AB70 /* LaunchScreen.storyboard */ = {
			isa = PBXVariantGroup;
			children = (
				842091772350AAF400A8AB70 /* Base */,
				8474172823523AB2005A4A03 /* fr */,
			);
			name = LaunchScreen.storyboard;
			sourceTree = "<group>";
		};
/* End PBXVariantGroup section */

/* Begin XCBuildConfiguration section */
		8420917A2350AAF400A8AB70 /* Debug */ = {
			isa = XCBuildConfiguration;
			buildSettings = {
				ALWAYS_SEARCH_USER_PATHS = NO;
				CLANG_ANALYZER_LOCALIZABILITY_NONLOCALIZED = YES;
				CLANG_ANALYZER_NONNULL = YES;
				CLANG_ANALYZER_NUMBER_OBJECT_CONVERSION = YES_AGGRESSIVE;
				CLANG_CXX_LANGUAGE_STANDARD = "gnu++14";
				CLANG_CXX_LIBRARY = "libc++";
				CLANG_ENABLE_MODULES = YES;
				CLANG_ENABLE_OBJC_ARC = YES;
				CLANG_WARN_BLOCK_CAPTURE_AUTORELEASING = YES;
				CLANG_WARN_BOOL_CONVERSION = YES;
				CLANG_WARN_COMMA = YES;
				CLANG_WARN_CONSTANT_CONVERSION = YES;
				CLANG_WARN_DIRECT_OBJC_ISA_USAGE = YES_ERROR;
				CLANG_WARN_DOCUMENTATION_COMMENTS = YES;
				CLANG_WARN_EMPTY_BODY = YES;
				CLANG_WARN_ENUM_CONVERSION = YES;
				CLANG_WARN_INFINITE_RECURSION = YES;
				CLANG_WARN_INT_CONVERSION = YES;
				CLANG_WARN_NON_LITERAL_NULL_CONVERSION = YES;
				CLANG_WARN_OBJC_LITERAL_CONVERSION = YES;
				CLANG_WARN_OBJC_ROOT_CLASS = YES_ERROR;
				CLANG_WARN_RANGE_LOOP_ANALYSIS = YES;
				CLANG_WARN_STRICT_PROTOTYPES = YES;
				CLANG_WARN_SUSPICIOUS_MOVE = YES;
				CLANG_WARN_UNGUARDED_AVAILABILITY = YES_AGGRESSIVE;
				CLANG_WARN_UNREACHABLE_CODE = YES;
				CLANG_WARN__DUPLICATE_METHOD_MATCH = YES;
				CODE_SIGN_IDENTITY = "iPhone Developer";
				COPY_PHASE_STRIP = NO;
				DEBUG_INFORMATION_FORMAT = dwarf;
				ENABLE_STRICT_OBJC_MSGSEND = YES;
				ENABLE_TESTABILITY = YES;
				GCC_C_LANGUAGE_STANDARD = gnu11;
				GCC_DYNAMIC_NO_PIC = NO;
				GCC_NO_COMMON_BLOCKS = YES;
				GCC_OPTIMIZATION_LEVEL = 0;
				GCC_PREPROCESSOR_DEFINITIONS = (
					"DEBUG=1",
					"$(inherited)",
				);
				GCC_WARN_64_TO_32_BIT_CONVERSION = YES;
				GCC_WARN_ABOUT_RETURN_TYPE = YES_ERROR;
				GCC_WARN_UNDECLARED_SELECTOR = YES;
				GCC_WARN_UNINITIALIZED_AUTOS = YES_AGGRESSIVE;
				GCC_WARN_UNUSED_FUNCTION = YES;
				GCC_WARN_UNUSED_VARIABLE = YES;
				IPHONEOS_DEPLOYMENT_TARGET = 11.2;
				MTL_ENABLE_DEBUG_INFO = YES;
				ONLY_ACTIVE_ARCH = YES;
				SDKROOT = iphoneos;
				SWIFT_ACTIVE_COMPILATION_CONDITIONS = DEBUG;
				SWIFT_OPTIMIZATION_LEVEL = "-Onone";
			};
			name = Debug;
		};
		8420917B2350AAF400A8AB70 /* Release */ = {
			isa = XCBuildConfiguration;
			buildSettings = {
				ALWAYS_SEARCH_USER_PATHS = NO;
				CLANG_ANALYZER_LOCALIZABILITY_NONLOCALIZED = YES;
				CLANG_ANALYZER_NONNULL = YES;
				CLANG_ANALYZER_NUMBER_OBJECT_CONVERSION = YES_AGGRESSIVE;
				CLANG_CXX_LANGUAGE_STANDARD = "gnu++14";
				CLANG_CXX_LIBRARY = "libc++";
				CLANG_ENABLE_MODULES = YES;
				CLANG_ENABLE_OBJC_ARC = YES;
				CLANG_WARN_BLOCK_CAPTURE_AUTORELEASING = YES;
				CLANG_WARN_BOOL_CONVERSION = YES;
				CLANG_WARN_COMMA = YES;
				CLANG_WARN_CONSTANT_CONVERSION = YES;
				CLANG_WARN_DIRECT_OBJC_ISA_USAGE = YES_ERROR;
				CLANG_WARN_DOCUMENTATION_COMMENTS = YES;
				CLANG_WARN_EMPTY_BODY = YES;
				CLANG_WARN_ENUM_CONVERSION = YES;
				CLANG_WARN_INFINITE_RECURSION = YES;
				CLANG_WARN_INT_CONVERSION = YES;
				CLANG_WARN_NON_LITERAL_NULL_CONVERSION = YES;
				CLANG_WARN_OBJC_LITERAL_CONVERSION = YES;
				CLANG_WARN_OBJC_ROOT_CLASS = YES_ERROR;
				CLANG_WARN_RANGE_LOOP_ANALYSIS = YES;
				CLANG_WARN_STRICT_PROTOTYPES = YES;
				CLANG_WARN_SUSPICIOUS_MOVE = YES;
				CLANG_WARN_UNGUARDED_AVAILABILITY = YES_AGGRESSIVE;
				CLANG_WARN_UNREACHABLE_CODE = YES;
				CLANG_WARN__DUPLICATE_METHOD_MATCH = YES;
				CODE_SIGN_IDENTITY = "iPhone Developer";
				COPY_PHASE_STRIP = NO;
				DEBUG_INFORMATION_FORMAT = "dwarf-with-dsym";
				ENABLE_NS_ASSERTIONS = NO;
				ENABLE_STRICT_OBJC_MSGSEND = YES;
				GCC_C_LANGUAGE_STANDARD = gnu11;
				GCC_NO_COMMON_BLOCKS = YES;
				GCC_WARN_64_TO_32_BIT_CONVERSION = YES;
				GCC_WARN_ABOUT_RETURN_TYPE = YES_ERROR;
				GCC_WARN_UNDECLARED_SELECTOR = YES;
				GCC_WARN_UNINITIALIZED_AUTOS = YES_AGGRESSIVE;
				GCC_WARN_UNUSED_FUNCTION = YES;
				GCC_WARN_UNUSED_VARIABLE = YES;
				IPHONEOS_DEPLOYMENT_TARGET = 11.2;
				MTL_ENABLE_DEBUG_INFO = NO;
				SDKROOT = iphoneos;
				SWIFT_OPTIMIZATION_LEVEL = "-Owholemodule";
				VALIDATE_PRODUCT = YES;
			};
			name = Release;
		};
		8420917D2350AAF400A8AB70 /* Debug */ = {
			isa = XCBuildConfiguration;
			baseConfigurationReference = 483D161EB6503A72E470D83C /* Pods-day09.debug.xcconfig */;
			buildSettings = {
				ASSETCATALOG_COMPILER_APPICON_NAME = AppIcon;
				CODE_SIGN_STYLE = Automatic;
				DEVELOPMENT_TEAM = Z4B345ZU3C;
				INFOPLIST_FILE = day09/Info.plist;
				LD_RUNPATH_SEARCH_PATHS = "$(inherited) @executable_path/Frameworks";
				PRODUCT_BUNDLE_IDENTIFIER = com.ikovalen.day09;
				PRODUCT_NAME = "$(TARGET_NAME)";
				SWIFT_VERSION = 4.0;
				TARGETED_DEVICE_FAMILY = "1,2";
			};
			name = Debug;
		};
		8420917E2350AAF400A8AB70 /* Release */ = {
			isa = XCBuildConfiguration;
			baseConfigurationReference = 1C6B1E0BFBD7BECA19B9A9E7 /* Pods-day09.release.xcconfig */;
			buildSettings = {
				ASSETCATALOG_COMPILER_APPICON_NAME = AppIcon;
				CODE_SIGN_STYLE = Automatic;
				DEVELOPMENT_TEAM = Z4B345ZU3C;
				INFOPLIST_FILE = day09/Info.plist;
				LD_RUNPATH_SEARCH_PATHS = "$(inherited) @executable_path/Frameworks";
				PRODUCT_BUNDLE_IDENTIFIER = com.ikovalen.day09;
				PRODUCT_NAME = "$(TARGET_NAME)";
				SWIFT_VERSION = 4.0;
				TARGETED_DEVICE_FAMILY = "1,2";
			};
			name = Release;
		};
/* End XCBuildConfiguration section */

/* Begin XCConfigurationList section */
		842091652350AAF400A8AB70 /* Build configuration list for PBXProject "day09" */ = {
			isa = XCConfigurationList;
			buildConfigurations = (
				8420917A2350AAF400A8AB70 /* Debug */,
				8420917B2350AAF400A8AB70 /* Release */,
			);
			defaultConfigurationIsVisible = 0;
			defaultConfigurationName = Release;
		};
		8420917C2350AAF400A8AB70 /* Build configuration list for PBXNativeTarget "day09" */ = {
			isa = XCConfigurationList;
			buildConfigurations = (
				8420917D2350AAF400A8AB70 /* Debug */,
				8420917E2350AAF400A8AB70 /* Release */,
			);
			defaultConfigurationIsVisible = 0;
			defaultConfigurationName = Release;
		};
/* End XCConfigurationList section */
	};
	rootObject = 842091622350AAF400A8AB70 /* Project object */;
}
